
Microsoft Visual Studio Solution File, Format Version 12.00
# Visual Studio Version 17
VisualStudioVersion = 17.5.33516.290
MinimumVisualStudioVersion = 10.0.40219.1
Project("{FAE04EC0-301F-11D3-BF4B-00C04F79EFBC}") = "SiteRecursives", "SiteRecursives\SiteRecursives.csproj", "{AC042055-938A-4B84-A65B-38BF298D53D7}"
EndProject
Global
	GlobalSection(SolutionConfigurationPlatforms) = preSolution
		Debug|Any CPU = Debug|Any CPU
		Release|Any CPU = Release|Any CPU
	EndGlobalSection
	GlobalSection(ProjectConfigurationPlatforms) = postSolution
		{AC042055-938A-4B84-A65B-38BF298D53D7}.Debug|Any CPU.ActiveCfg = Debug|Any CPU
		{AC042055-938A-4B84-A65B-38BF298D53D7}.Debug|Any CPU.Build.0 = Debug|Any CPU
		{AC042055-938A-4B84-A65B-38BF298D53D7}.Release|Any CPU.ActiveCfg = Release|Any CPU
		{AC042055-938A-4B84-A65B-38BF298D53D7}.Release|Any CPU.Build.0 = Release|Any CPU
	EndGlobalSection
	GlobalSection(SolutionProperties) = preSolution
		HideSolutionNode = FALSE
	EndGlobalSection
	GlobalSection(ExtensibilityGlobals) = postSolution
		SolutionGuid = {FF4F9699-3E13-48AB-B738-C9A2E4255656}
	EndGlobalSection
EndGlobal
